// !$*UTF8*$!
{
	archiveVersion = 1;
	classes = {
	};
	objectVersion = 56;
	objects = {

/* Begin PBXBuildFile section */
		3DB33D6E2B55C8010035CBFA /* CryptoTrackerApp.swift in Sources */ = {isa = PBXBuildFile; fileRef = 3DB33D6D2B55C8010035CBFA /* CryptoTrackerApp.swift */; };
		3DB33D702B55C8010035CBFA /* ContentView.swift in Sources */ = {isa = PBXBuildFile; fileRef = 3DB33D6F2B55C8010035CBFA /* ContentView.swift */; };
		3DB33D752B55C8020035CBFA /* Preview Assets.xcassets in Resources */ = {isa = PBXBuildFile; fileRef = 3DB33D742B55C8020035CBFA /* Preview Assets.xcassets */; };
		3DB33D7C2B55C8830035CBFA /* Assets.xcassets in Resources */ = {isa = PBXBuildFile; fileRef = 3DB33D7B2B55C8830035CBFA /* Assets.xcassets */; };
		3DB33D7F2B55C9540035CBFA /* Color.swift in Sources */ = {isa = PBXBuildFile; fileRef = 3DB33D7E2B55C9540035CBFA /* Color.swift */; };
		3DB33D842B55CB160035CBFA /* HomeView.swift in Sources */ = {isa = PBXBuildFile; fileRef = 3DB33D832B55CB160035CBFA /* HomeView.swift */; };
		3DB33D882B55CC2E0035CBFA /* CircleButtonView.swift in Sources */ = {isa = PBXBuildFile; fileRef = 3DB33D872B55CC2E0035CBFA /* CircleButtonView.swift */; };
		3DB33D8A2B55CF250035CBFA /* CircleButtonAnimationView.swift in Sources */ = {isa = PBXBuildFile; fileRef = 3DB33D892B55CF250035CBFA /* CircleButtonAnimationView.swift */; };
		3DB33D8E2B55D63D0035CBFA /* CoinModel.swift in Sources */ = {isa = PBXBuildFile; fileRef = 3DB33D8D2B55D63D0035CBFA /* CoinModel.swift */; };
		3DB33D902B55DC320035CBFA /* CoinRowView.swift in Sources */ = {isa = PBXBuildFile; fileRef = 3DB33D8F2B55DC320035CBFA /* CoinRowView.swift */; };
		3DB33D922B55DC7B0035CBFA /* PreviewProvider.swift in Sources */ = {isa = PBXBuildFile; fileRef = 3DB33D912B55DC7B0035CBFA /* PreviewProvider.swift */; };
		3DB33D942B55DE9D0035CBFA /* Double.swift in Sources */ = {isa = PBXBuildFile; fileRef = 3DB33D932B55DE9D0035CBFA /* Double.swift */; };
/* End PBXBuildFile section */

/* Begin PBXFileReference section */
		3DB33D6A2B55C8010035CBFA /* CryptoTracker.app */ = {isa = PBXFileReference; explicitFileType = wrapper.application; includeInIndex = 0; path = CryptoTracker.app; sourceTree = BUILT_PRODUCTS_DIR; };
		3DB33D6D2B55C8010035CBFA /* CryptoTrackerApp.swift */ = {isa = PBXFileReference; lastKnownFileType = sourcecode.swift; path = CryptoTrackerApp.swift; sourceTree = "<group>"; };
		3DB33D6F2B55C8010035CBFA /* ContentView.swift */ = {isa = PBXFileReference; lastKnownFileType = sourcecode.swift; path = ContentView.swift; sourceTree = "<group>"; };
		3DB33D742B55C8020035CBFA /* Preview Assets.xcassets */ = {isa = PBXFileReference; lastKnownFileType = folder.assetcatalog; path = "Preview Assets.xcassets"; sourceTree = "<group>"; };
		3DB33D7B2B55C8830035CBFA /* Assets.xcassets */ = {isa = PBXFileReference; lastKnownFileType = folder.assetcatalog; name = Assets.xcassets; path = ../../../../../Downloads/Resources/Assets.xcassets; sourceTree = "<group>"; };
		3DB33D7E2B55C9540035CBFA /* Color.swift */ = {isa = PBXFileReference; lastKnownFileType = sourcecode.swift; path = Color.swift; sourceTree = "<group>"; };
		3DB33D832B55CB160035CBFA /* HomeView.swift */ = {isa = PBXFileReference; lastKnownFileType = sourcecode.swift; path = HomeView.swift; sourceTree = "<group>"; };
		3DB33D872B55CC2E0035CBFA /* CircleButtonView.swift */ = {isa = PBXFileReference; lastKnownFileType = sourcecode.swift; path = CircleButtonView.swift; sourceTree = "<group>"; };
		3DB33D892B55CF250035CBFA /* CircleButtonAnimationView.swift */ = {isa = PBXFileReference; lastKnownFileType = sourcecode.swift; path = CircleButtonAnimationView.swift; sourceTree = "<group>"; };
		3DB33D8D2B55D63D0035CBFA /* CoinModel.swift */ = {isa = PBXFileReference; lastKnownFileType = sourcecode.swift; path = CoinModel.swift; sourceTree = "<group>"; };
		3DB33D8F2B55DC320035CBFA /* CoinRowView.swift */ = {isa = PBXFileReference; lastKnownFileType = sourcecode.swift; name = CoinRowView.swift; path = CryptoTracker/Models/CoinRowView.swift; sourceTree = SOURCE_ROOT; };
		3DB33D912B55DC7B0035CBFA /* PreviewProvider.swift */ = {isa = PBXFileReference; lastKnownFileType = sourcecode.swift; path = PreviewProvider.swift; sourceTree = "<group>"; };
		3DB33D932B55DE9D0035CBFA /* Double.swift */ = {isa = PBXFileReference; lastKnownFileType = sourcecode.swift; path = Double.swift; sourceTree = "<group>"; };
/* End PBXFileReference section */

/* Begin PBXFrameworksBuildPhase section */
		3DB33D672B55C8010035CBFA /* Frameworks */ = {
			isa = PBXFrameworksBuildPhase;
			buildActionMask = 2147483647;
			files = (
			);
			runOnlyForDeploymentPostprocessing = 0;
		};
/* End PBXFrameworksBuildPhase section */

/* Begin PBXGroup section */
		3DB33D612B55C8000035CBFA = {
			isa = PBXGroup;
			children = (
				3DB33D6C2B55C8010035CBFA /* CryptoTracker */,
				3DB33D6B2B55C8010035CBFA /* Products */,
			);
			sourceTree = "<group>";
		};
		3DB33D6B2B55C8010035CBFA /* Products */ = {
			isa = PBXGroup;
			children = (
				3DB33D6A2B55C8010035CBFA /* CryptoTracker.app */,
			);
			name = Products;
			sourceTree = "<group>";
		};
		3DB33D6C2B55C8010035CBFA /* CryptoTracker */ = {
			isa = PBXGroup;
			children = (
				3DB33D6D2B55C8010035CBFA /* CryptoTrackerApp.swift */,
				3DB33D8C2B55D6260035CBFA /* Models */,
				3DB33D7D2B55C93F0035CBFA /* Extensions */,
				3DB33D802B55CAD90035CBFA /* Core */,
				3DB33D6F2B55C8010035CBFA /* ContentView.swift */,
				3DB33D7B2B55C8830035CBFA /* Assets.xcassets */,
				3DB33D732B55C8020035CBFA /* Preview Content */,
			);
			path = CryptoTracker;
			sourceTree = "<group>";
		};
		3DB33D732B55C8020035CBFA /* Preview Content */ = {
			isa = PBXGroup;
			children = (
				3DB33D742B55C8020035CBFA /* Preview Assets.xcassets */,
			);
			path = "Preview Content";
			sourceTree = "<group>";
		};
		3DB33D7D2B55C93F0035CBFA /* Extensions */ = {
			isa = PBXGroup;
			children = (
				3DB33D7E2B55C9540035CBFA /* Color.swift */,
				3DB33D912B55DC7B0035CBFA /* PreviewProvider.swift */,
				3DB33D932B55DE9D0035CBFA /* Double.swift */,
			);
			path = Extensions;
			sourceTree = "<group>";
		};
		3DB33D802B55CAD90035CBFA /* Core */ = {
			isa = PBXGroup;
			children = (
				3DB33D852B55CC060035CBFA /* Components */,
				3DB33D812B55CAFF0035CBFA /* Home */,
			);
			path = Core;
			sourceTree = "<group>";
		};
		3DB33D812B55CAFF0035CBFA /* Home */ = {
			isa = PBXGroup;
			children = (
				3DB33D8B2B55D5FC0035CBFA /* Views */,
				3DB33D822B55CB060035CBFA /* ViewModels */,
			);
			path = Home;
			sourceTree = "<group>";
		};
		3DB33D822B55CB060035CBFA /* ViewModels */ = {
			isa = PBXGroup;
			children = (
				3DB33D8F2B55DC320035CBFA /* CoinRowView.swift */,
			);
			path = ViewModels;
			sourceTree = "<group>";
		};
		3DB33D852B55CC060035CBFA /* Components */ = {
			isa = PBXGroup;
			children = (
				3DB33D862B55CC190035CBFA /* CircleButton */,
			);
			path = Components;
			sourceTree = "<group>";
		};
		3DB33D862B55CC190035CBFA /* CircleButton */ = {
			isa = PBXGroup;
			children = (
				3DB33D872B55CC2E0035CBFA /* CircleButtonView.swift */,
				3DB33D892B55CF250035CBFA /* CircleButtonAnimationView.swift */,
			);
			path = CircleButton;
			sourceTree = "<group>";
		};
		3DB33D8B2B55D5FC0035CBFA /* Views */ = {
			isa = PBXGroup;
			children = (
				3DB33D832B55CB160035CBFA /* HomeView.swift */,
			);
			path = Views;
			sourceTree = "<group>";
		};
		3DB33D8C2B55D6260035CBFA /* Models */ = {
			isa = PBXGroup;
			children = (
				3DB33D8D2B55D63D0035CBFA /* CoinModel.swift */,
			);
			path = Models;
			sourceTree = "<group>";
		};
/* End PBXGroup section */

/* Begin PBXNativeTarget section */
		3DB33D692B55C8010035CBFA /* CryptoTracker */ = {
			isa = PBXNativeTarget;
			buildConfigurationList = 3DB33D782B55C8020035CBFA /* Build configuration list for PBXNativeTarget "CryptoTracker" */;
			buildPhases = (
				3DB33D662B55C8010035CBFA /* Sources */,
				3DB33D672B55C8010035CBFA /* Frameworks */,
				3DB33D682B55C8010035CBFA /* Resources */,
			);
			buildRules = (
			);
			dependencies = (
			);
			name = CryptoTracker;
			productName = CryptoTracker;
			productReference = 3DB33D6A2B55C8010035CBFA /* CryptoTracker.app */;
			productType = "com.apple.product-type.application";
		};
/* End PBXNativeTarget section */

/* Begin PBXProject section */
		3DB33D622B55C8000035CBFA /* Project object */ = {
			isa = PBXProject;
			attributes = {
				BuildIndependentTargetsInParallel = 1;
				LastSwiftUpdateCheck = 1430;
				LastUpgradeCheck = 1430;
				TargetAttributes = {
					3DB33D692B55C8010035CBFA = {
						CreatedOnToolsVersion = 14.3.1;
					};
				};
			};
			buildConfigurationList = 3DB33D652B55C8000035CBFA /* Build configuration list for PBXProject "CryptoTracker" */;
			compatibilityVersion = "Xcode 14.0";
			developmentRegion = en;
			hasScannedForEncodings = 0;
			knownRegions = (
				en,
				Base,
			);
			mainGroup = 3DB33D612B55C8000035CBFA;
			productRefGroup = 3DB33D6B2B55C8010035CBFA /* Products */;
			projectDirPath = "";
			projectRoot = "";
			targets = (
				3DB33D692B55C8010035CBFA /* CryptoTracker */,
			);
		};
/* End PBXProject section */

/* Begin PBXResourcesBuildPhase section */
		3DB33D682B55C8010035CBFA /* Resources */ = {
			isa = PBXResourcesBuildPhase;
			buildActionMask = 2147483647;
			files = (
				3DB33D752B55C8020035CBFA /* Preview Assets.xcassets in Resources */,
				3DB33D7C2B55C8830035CBFA /* Assets.xcassets in Resources */,
			);
			runOnlyForDeploymentPostprocessing = 0;
		};
/* End PBXResourcesBuildPhase section */

/* Begin PBXSourcesBuildPhase section */
		3DB33D662B55C8010035CBFA /* Sources */ = {
			isa = PBXSourcesBuildPhase;
			buildActionMask = 2147483647;
			files = (
				3DB33D902B55DC320035CBFA /* CoinRowView.swift in Sources */,
				3DB33D702B55C8010035CBFA /* ContentView.swift in Sources */,
				3DB33D842B55CB160035CBFA /* HomeView.swift in Sources */,
				3DB33D6E2B55C8010035CBFA /* CryptoTrackerApp.swift in Sources */,
				3DB33D882B55CC2E0035CBFA /* CircleButtonView.swift in Sources */,
				3DB33D7F2B55C9540035CBFA /* Color.swift in Sources */,
				3DB33D8A2B55CF250035CBFA /* CircleButtonAnimationView.swift in Sources */,
				3DB33D922B55DC7B0035CBFA /* PreviewProvider.swift in Sources */,
				3DB33D942B55DE9D0035CBFA /* Double.swift in Sources */,
				3DB33D8E2B55D63D0035CBFA /* CoinModel.swift in Sources */,
			);
			runOnlyForDeploymentPostprocessing = 0;
		};
/* End PBXSourcesBuildPhase section */

/* Begin XCBuildConfiguration section */
		3DB33D762B55C8020035CBFA /* Debug */ = {
			isa = XCBuildConfiguration;
			buildSettings = {
				ALWAYS_SEARCH_USER_PATHS = NO;
				CLANG_ANALYZER_NONNULL = YES;
				CLANG_ANALYZER_NUMBER_OBJECT_CONVERSION = YES_AGGRESSIVE;
				CLANG_CXX_LANGUAGE_STANDARD = "gnu++20";
				CLANG_ENABLE_MODULES = YES;
				CLANG_ENABLE_OBJC_ARC = YES;
				CLANG_ENABLE_OBJC_WEAK = YES;
				CLANG_WARN_BLOCK_CAPTURE_AUTORELEASING = YES;
				CLANG_WARN_BOOL_CONVERSION = YES;
				CLANG_WARN_COMMA = YES;
				CLANG_WARN_CONSTANT_CONVERSION = YES;
				CLANG_WARN_DEPRECATED_OBJC_IMPLEMENTATIONS = YES;
				CLANG_WARN_DIRECT_OBJC_ISA_USAGE = YES_ERROR;
				CLANG_WARN_DOCUMENTATION_COMMENTS = YES;
				CLANG_WARN_EMPTY_BODY = YES;
				CLANG_WARN_ENUM_CONVERSION = YES;
				CLANG_WARN_INFINITE_RECURSION = YES;
				CLANG_WARN_INT_CONVERSION = YES;
				CLANG_WARN_NON_LITERAL_NULL_CONVERSION = YES;
				CLANG_WARN_OBJC_IMPLICIT_RETAIN_SELF = YES;
				CLANG_WARN_OBJC_LITERAL_CONVERSION = YES;
				CLANG_WARN_OBJC_ROOT_CLASS = YES_ERROR;
				CLANG_WARN_QUOTED_INCLUDE_IN_FRAMEWORK_HEADER = YES;
				CLANG_WARN_RANGE_LOOP_ANALYSIS = YES;
				CLANG_WARN_STRICT_PROTOTYPES = YES;
				CLANG_WARN_SUSPICIOUS_MOVE = YES;
				CLANG_WARN_UNGUARDED_AVAILABILITY = YES_AGGRESSIVE;
				CLANG_WARN_UNREACHABLE_CODE = YES;
				CLANG_WARN__DUPLICATE_METHOD_MATCH = YES;
				COPY_PHASE_STRIP = NO;
				DEBUG_INFORMATION_FORMAT = dwarf;
				ENABLE_STRICT_OBJC_MSGSEND = YES;
				ENABLE_TESTABILITY = YES;
				GCC_C_LANGUAGE_STANDARD = gnu11;
				GCC_DYNAMIC_NO_PIC = NO;
				GCC_NO_COMMON_BLOCKS = YES;
				GCC_OPTIMIZATION_LEVEL = 0;
				GCC_PREPROCESSOR_DEFINITIONS = (
					"DEBUG=1",
					"$(inherited)",
				);
				GCC_WARN_64_TO_32_BIT_CONVERSION = YES;
				GCC_WARN_ABOUT_RETURN_TYPE = YES_ERROR;
				GCC_WARN_UNDECLARED_SELECTOR = YES;
				GCC_WARN_UNINITIALIZED_AUTOS = YES_AGGRESSIVE;
				GCC_WARN_UNUSED_FUNCTION = YES;
				GCC_WARN_UNUSED_VARIABLE = YES;
				IPHONEOS_DEPLOYMENT_TARGET = 16.4;
				MTL_ENABLE_DEBUG_INFO = INCLUDE_SOURCE;
				MTL_FAST_MATH = YES;
				ONLY_ACTIVE_ARCH = YES;
				SDKROOT = iphoneos;
				SWIFT_ACTIVE_COMPILATION_CONDITIONS = DEBUG;
				SWIFT_OPTIMIZATION_LEVEL = "-Onone";
			};
			name = Debug;
		};
		3DB33D772B55C8020035CBFA /* Release */ = {
			isa = XCBuildConfiguration;
			buildSettings = {
				ALWAYS_SEARCH_USER_PATHS = NO;
				CLANG_ANALYZER_NONNULL = YES;
				CLANG_ANALYZER_NUMBER_OBJECT_CONVERSION = YES_AGGRESSIVE;
				CLANG_CXX_LANGUAGE_STANDARD = "gnu++20";
				CLANG_ENABLE_MODULES = YES;
				CLANG_ENABLE_OBJC_ARC = YES;
				CLANG_ENABLE_OBJC_WEAK = YES;
				CLANG_WARN_BLOCK_CAPTURE_AUTORELEASING = YES;
				CLANG_WARN_BOOL_CONVERSION = YES;
				CLANG_WARN_COMMA = YES;
				CLANG_WARN_CONSTANT_CONVERSION = YES;
				CLANG_WARN_DEPRECATED_OBJC_IMPLEMENTATIONS = YES;
				CLANG_WARN_DIRECT_OBJC_ISA_USAGE = YES_ERROR;
				CLANG_WARN_DOCUMENTATION_COMMENTS = YES;
				CLANG_WARN_EMPTY_BODY = YES;
				CLANG_WARN_ENUM_CONVERSION = YES;
				CLANG_WARN_INFINITE_RECURSION = YES;
				CLANG_WARN_INT_CONVERSION = YES;
				CLANG_WARN_NON_LITERAL_NULL_CONVERSION = YES;
				CLANG_WARN_OBJC_IMPLICIT_RETAIN_SELF = YES;
				CLANG_WARN_OBJC_LITERAL_CONVERSION = YES;
				CLANG_WARN_OBJC_ROOT_CLASS = YES_ERROR;
				CLANG_WARN_QUOTED_INCLUDE_IN_FRAMEWORK_HEADER = YES;
				CLANG_WARN_RANGE_LOOP_ANALYSIS = YES;
				CLANG_WARN_STRICT_PROTOTYPES = YES;
				CLANG_WARN_SUSPICIOUS_MOVE = YES;
				CLANG_WARN_UNGUARDED_AVAILABILITY = YES_AGGRESSIVE;
				CLANG_WARN_UNREACHABLE_CODE = YES;
				CLANG_WARN__DUPLICATE_METHOD_MATCH = YES;
				COPY_PHASE_STRIP = NO;
				DEBUG_INFORMATION_FORMAT = "dwarf-with-dsym";
				ENABLE_NS_ASSERTIONS = NO;
				ENABLE_STRICT_OBJC_MSGSEND = YES;
				GCC_C_LANGUAGE_STANDARD = gnu11;
				GCC_NO_COMMON_BLOCKS = YES;
				GCC_WARN_64_TO_32_BIT_CONVERSION = YES;
				GCC_WARN_ABOUT_RETURN_TYPE = YES_ERROR;
				GCC_WARN_UNDECLARED_SELECTOR = YES;
				GCC_WARN_UNINITIALIZED_AUTOS = YES_AGGRESSIVE;
				GCC_WARN_UNUSED_FUNCTION = YES;
				GCC_WARN_UNUSED_VARIABLE = YES;
				IPHONEOS_DEPLOYMENT_TARGET = 16.4;
				MTL_ENABLE_DEBUG_INFO = NO;
				MTL_FAST_MATH = YES;
				SDKROOT = iphoneos;
				SWIFT_COMPILATION_MODE = wholemodule;
				SWIFT_OPTIMIZATION_LEVEL = "-O";
				VALIDATE_PRODUCT = YES;
			};
			name = Release;
		};
		3DB33D792B55C8020035CBFA /* Debug */ = {
			isa = XCBuildConfiguration;
			buildSettings = {
				ASSETCATALOG_COMPILER_APPICON_NAME = AppIcon;
				ASSETCATALOG_COMPILER_GLOBAL_ACCENT_COLOR_NAME = AccentColor;
				CODE_SIGN_STYLE = Automatic;
				CURRENT_PROJECT_VERSION = 1;
				DEVELOPMENT_ASSET_PATHS = "\"CryptoTracker/Preview Content\"";
				ENABLE_PREVIEWS = YES;
				GENERATE_INFOPLIST_FILE = YES;
				INFOPLIST_KEY_CFBundleDisplayName = "Crypto Tracker";
				INFOPLIST_KEY_UIApplicationSceneManifest_Generation = YES;
				INFOPLIST_KEY_UIApplicationSupportsIndirectInputEvents = YES;
				INFOPLIST_KEY_UILaunchScreen_Generation = YES;
				INFOPLIST_KEY_UISupportedInterfaceOrientations = UIInterfaceOrientationPortrait;
				INFOPLIST_KEY_UISupportedInterfaceOrientations_iPad = "UIInterfaceOrientationLandscapeLeft UIInterfaceOrientationLandscapeRight UIInterfaceOrientationPortrait UIInterfaceOrientationPortraitUpsideDown";
				LD_RUNPATH_SEARCH_PATHS = (
					"$(inherited)",
					"@executable_path/Frameworks",
				);
				MARKETING_VERSION = 1.0;
				PRODUCT_BUNDLE_IDENTIFIER = com.fatihkaplama.CryptoTracker;
				PRODUCT_NAME = "$(TARGET_NAME)";
				SUPPORTED_PLATFORMS = "iphoneos iphonesimulator";
				SUPPORTS_MACCATALYST = NO;
				SUPPORTS_MAC_DESIGNED_FOR_IPHONE_IPAD = NO;
				SWIFT_EMIT_LOC_STRINGS = YES;
				SWIFT_VERSION = 5.0;
				TARGETED_DEVICE_FAMILY = "1,2";
			};
			name = Debug;
		};
		3DB33D7A2B55C8020035CBFA /* Release */ = {
			isa = XCBuildConfiguration;
			buildSettings = {
				ASSETCATALOG_COMPILER_APPICON_NAME = AppIcon;
				ASSETCATALOG_COMPILER_GLOBAL_ACCENT_COLOR_NAME = AccentColor;
				CODE_SIGN_STYLE = Automatic;
				CURRENT_PROJECT_VERSION = 1;
				DEVELOPMENT_ASSET_PATHS = "\"CryptoTracker/Preview Content\"";
				ENABLE_PREVIEWS = YES;
				GENERATE_INFOPLIST_FILE = YES;
				INFOPLIST_KEY_CFBundleDisplayName = "Crypto Tracker";
				INFOPLIST_KEY_UIApplicationSceneManifest_Generation = YES;
				INFOPLIST_KEY_UIApplicationSupportsIndirectInputEvents = YES;
				INFOPLIST_KEY_UILaunchScreen_Generation = YES;
				INFOPLIST_KEY_UISupportedInterfaceOrientations = UIInterfaceOrientationPortrait;
				INFOPLIST_KEY_UISupportedInterfaceOrientations_iPad = "UIInterfaceOrientationLandscapeLeft UIInterfaceOrientationLandscapeRight UIInterfaceOrientationPortrait UIInterfaceOrientationPortraitUpsideDown";
				LD_RUNPATH_SEARCH_PATHS = (
					"$(inherited)",
					"@executable_path/Frameworks",
				);
				MARKETING_VERSION = 1.0;
				PRODUCT_BUNDLE_IDENTIFIER = com.fatihkaplama.CryptoTracker;
				PRODUCT_NAME = "$(TARGET_NAME)";
				SUPPORTED_PLATFORMS = "iphoneos iphonesimulator";
				SUPPORTS_MACCATALYST = NO;
				SUPPORTS_MAC_DESIGNED_FOR_IPHONE_IPAD = NO;
				SWIFT_EMIT_LOC_STRINGS = YES;
				SWIFT_VERSION = 5.0;
				TARGETED_DEVICE_FAMILY = "1,2";
			};
			name = Release;
		};
/* End XCBuildConfiguration section */

/* Begin XCConfigurationList section */
		3DB33D652B55C8000035CBFA /* Build configuration list for PBXProject "CryptoTracker" */ = {
			isa = XCConfigurationList;
			buildConfigurations = (
				3DB33D762B55C8020035CBFA /* Debug */,
				3DB33D772B55C8020035CBFA /* Release */,
			);
			defaultConfigurationIsVisible = 0;
			defaultConfigurationName = Release;
		};
		3DB33D782B55C8020035CBFA /* Build configuration list for PBXNativeTarget "CryptoTracker" */ = {
			isa = XCConfigurationList;
			buildConfigurations = (
				3DB33D792B55C8020035CBFA /* Debug */,
				3DB33D7A2B55C8020035CBFA /* Release */,
			);
			defaultConfigurationIsVisible = 0;
			defaultConfigurationName = Release;
		};
/* End XCConfigurationList section */
	};
	rootObject = 3DB33D622B55C8000035CBFA /* Project object */;
}
